
Microsoft Visual Studio Solution File, Format Version 12.00
# Visual Studio 15
VisualStudioVersion = 15.0.27004.2010
MinimumVisualStudioVersion = 10.0.40219.1
Project("{FAE04EC0-301F-11D3-BF4B-00C04F79EFBC}") = "addressbook_tests_autoit", "addressbook_tests_autoit\addressbook_tests_autoit.csproj", "{81F6991E-0F33-4959-9132-7739D6AF3EDF}"
EndProject
Global
	GlobalSection(SolutionConfigurationPlatforms) = preSolution
		Debug|Any CPU = Debug|Any CPU
		Release|Any CPU = Release|Any CPU
	EndGlobalSection
	GlobalSection(ProjectConfigurationPlatforms) = postSolution
		{81F6991E-0F33-4959-9132-7739D6AF3EDF}.Debug|Any CPU.ActiveCfg = Debug|Any CPU
		{81F6991E-0F33-4959-9132-7739D6AF3EDF}.Debug|Any CPU.Build.0 = Debug|Any CPU
		{81F6991E-0F33-4959-9132-7739D6AF3EDF}.Release|Any CPU.ActiveCfg = Release|Any CPU
		{81F6991E-0F33-4959-9132-7739D6AF3EDF}.Release|Any CPU.Build.0 = Release|Any CPU
	EndGlobalSection
	GlobalSection(SolutionProperties) = preSolution
		HideSolutionNode = FALSE
	EndGlobalSection
	GlobalSection(ExtensibilityGlobals) = postSolution
		SolutionGuid = {15189BF1-A18C-4B5E-8DBE-98131D93A876}
	EndGlobalSection
EndGlobal
